PODS:
  - AliyunOSSiOS (2.7.1)
  - FMDB (2.6.2):
    - FMDB/standard (= 2.6.2)
  - FMDB/standard (2.6.2)
  - pop (1.0.10)

DEPENDENCIES:
  - AliyunOSSiOS (~> 2.7.1)
  - FMDB (~> 2.6.2)
  - pop (~> 1.0)

SPEC CHECKSUMS:
  AliyunOSSiOS: bc161047b15b04eb69ffd2481b73ab4a2275322c
  FMDB: 854a0341b4726e53276f2a8996f06f1b80f9259a
  pop: 82ca6b068ce9278fd350fd9dd09482a0ce9492e6

PODFILE CHECKSUM: 77eba000c0d40b314767dc96eba938136ac7a8c3

COCOAPODS: 1.4.0
